
Microsoft Visual Studio Solution File, Format Version 12.00
# Visual Studio Version 16
VisualStudioVersion = 16.0.30114.105
MinimumVisualStudioVersion = 10.0.40219.1
Project("{2150E333-8FDC-42A3-9474-1A3956D46DE8}") = "Microservices", "Microservices", "{FAC76BDF-885D-473B-A050-9D5022C3200E}"
EndProject
Project("{2150E333-8FDC-42A3-9474-1A3956D46DE8}") = "Domain", "Domain", "{247A6B8E-0591-423C-94A1-0FB6CE965E07}"
EndProject
Project("{2150E333-8FDC-42A3-9474-1A3956D46DE8}") = "Infra.Bus", "Infra.Bus", "{B382E047-8EEE-459C-B21C-AFFC3C1A21F5}"
EndProject
Project("{2150E333-8FDC-42A3-9474-1A3956D46DE8}") = "Infra.Ioc", "Infra.Ioc", "{8A430AEE-E142-41DA-9D11-3B40E0BEAA1C}"
EndProject
Project("{2150E333-8FDC-42A3-9474-1A3956D46DE8}") = "Presentation", "Presentation", "{A99AD979-4DEE-4442-9922-36CFBFC08972}"
EndProject
Project("{FAE04EC0-301F-11D3-BF4B-00C04F79EFBC}") = "MicroRabbit.Domain.Core", "MicroRabbit.Domain.Core\MicroRabbit.Domain.Core.csproj", "{7B3FAF9D-C119-482F-A2BD-6EEBD3AF6DFD}"
EndProject
Global
	GlobalSection(SolutionConfigurationPlatforms) = preSolution
		Debug|Any CPU = Debug|Any CPU
		Release|Any CPU = Release|Any CPU
	EndGlobalSection
	GlobalSection(ProjectConfigurationPlatforms) = postSolution
		{7B3FAF9D-C119-482F-A2BD-6EEBD3AF6DFD}.Debug|Any CPU.ActiveCfg = Debug|Any CPU
		{7B3FAF9D-C119-482F-A2BD-6EEBD3AF6DFD}.Debug|Any CPU.Build.0 = Debug|Any CPU
		{7B3FAF9D-C119-482F-A2BD-6EEBD3AF6DFD}.Release|Any CPU.ActiveCfg = Release|Any CPU
		{7B3FAF9D-C119-482F-A2BD-6EEBD3AF6DFD}.Release|Any CPU.Build.0 = Release|Any CPU
	EndGlobalSection
	GlobalSection(SolutionProperties) = preSolution
		HideSolutionNode = FALSE
	EndGlobalSection
	GlobalSection(NestedProjects) = preSolution
		{7B3FAF9D-C119-482F-A2BD-6EEBD3AF6DFD} = {247A6B8E-0591-423C-94A1-0FB6CE965E07}
	EndGlobalSection
	GlobalSection(ExtensibilityGlobals) = postSolution
		SolutionGuid = {A7FF2841-260B-4847-B8A2-20706FCE6FC2}
	EndGlobalSection
EndGlobal
