
Microsoft Visual Studio Solution File, Format Version 12.00
# Visual Studio Version 16
VisualStudioVersion = 16.0.30114.105
MinimumVisualStudioVersion = 10.0.40219.1
Project("{2150E333-8FDC-42A3-9474-1A3956D46DE8}") = "Microservices", "Microservices", "{FAC76BDF-885D-473B-A050-9D5022C3200E}"
EndProject
Project("{2150E333-8FDC-42A3-9474-1A3956D46DE8}") = "Domain", "Domain", "{247A6B8E-0591-423C-94A1-0FB6CE965E07}"
EndProject
Project("{2150E333-8FDC-42A3-9474-1A3956D46DE8}") = "Infra.Bus", "Infra.Bus", "{B382E047-8EEE-459C-B21C-AFFC3C1A21F5}"
EndProject
Project("{2150E333-8FDC-42A3-9474-1A3956D46DE8}") = "Infra.Ioc", "Infra.Ioc", "{8A430AEE-E142-41DA-9D11-3B40E0BEAA1C}"
EndProject
Project("{2150E333-8FDC-42A3-9474-1A3956D46DE8}") = "Presentation", "Presentation", "{A99AD979-4DEE-4442-9922-36CFBFC08972}"
EndProject
Project("{9A19103F-16F7-4668-BE54-9A1E7A4F7556}") = "MicroRabbit.Domain.Core", "MicroRabbit.Domain.Core\MicroRabbit.Domain.Core.csproj", "{7B3FAF9D-C119-482F-A2BD-6EEBD3AF6DFD}"
EndProject
Project("{FAE04EC0-301F-11D3-BF4B-00C04F79EFBC}") = "MicroRabbit.Infra.Bus", "MicroRabbit.Infra.Bus\MicroRabbit.Infra.Bus.csproj", "{A24721E3-574A-44A2-9C6E-C74F456CBAFE}"
EndProject
Project("{FAE04EC0-301F-11D3-BF4B-00C04F79EFBC}") = "MicroRabbit.Infra.IoC", "MicroRabbit.Infra.IoC\MicroRabbit.Infra.IoC.csproj", "{1AD253CF-D23D-41CE-AEB8-B18970CEB89E}"
EndProject
Project("{2150E333-8FDC-42A3-9474-1A3956D46DE8}") = "Banking", "Banking", "{2748E361-FC5C-437A-9CC5-6CD592DE2E83}"
EndProject
Project("{2150E333-8FDC-42A3-9474-1A3956D46DE8}") = "Api", "Api", "{DAF16805-22B5-462B-A7E8-D1872E20C278}"
EndProject
Project("{2150E333-8FDC-42A3-9474-1A3956D46DE8}") = "Domain", "Domain", "{CFA20B1F-C7F5-4CB0-AED3-969746A21DEA}"
EndProject
Project("{2150E333-8FDC-42A3-9474-1A3956D46DE8}") = "Application", "Application", "{BBC26156-B242-4AB2-846D-23B20D0863C2}"
EndProject
Project("{2150E333-8FDC-42A3-9474-1A3956D46DE8}") = "Data", "Data", "{49379AB7-9A44-4A74-9719-4D41AA52C2BE}"
EndProject
Project("{FAE04EC0-301F-11D3-BF4B-00C04F79EFBC}") = "MicroRabbit.Baking.Api", "MicroRabbit.Baking.Api\MicroRabbit.Baking.Api.csproj", "{3BB932B7-5325-4124-83A5-DECE3484EA19}"
EndProject
Project("{FAE04EC0-301F-11D3-BF4B-00C04F79EFBC}") = "MicroRabbit.Banking.Application", "MicroRabbit.Banking.Application\MicroRabbit.Banking.Application.csproj", "{27F4A0C6-6C70-4E0A-BEFB-ED56C3FDB2CF}"
EndProject
Project("{FAE04EC0-301F-11D3-BF4B-00C04F79EFBC}") = "MicroRabbit.Banking.Data", "MicroRabbit.Banking.Data\MicroRabbit.Banking.Data.csproj", "{4DC4C4B0-8512-431C-B139-D21A0DE1D24F}"
EndProject
Project("{FAE04EC0-301F-11D3-BF4B-00C04F79EFBC}") = "MicroRabbit.Banking.Domain", "MicroRabbit.Banking.Domain\MicroRabbit.Banking.Domain.csproj", "{35D39C02-090A-4346-A8C1-61B6556D6698}"
EndProject
Project("{2150E333-8FDC-42A3-9474-1A3956D46DE8}") = "Transfer", "Transfer", "{214AFA24-2DDA-4742-B010-3ED9EF26009A}"
EndProject
Project("{2150E333-8FDC-42A3-9474-1A3956D46DE8}") = "Api", "Api", "{D9C78561-D20A-4F64-B04C-289A87196273}"
EndProject
Project("{2150E333-8FDC-42A3-9474-1A3956D46DE8}") = "Data", "Data", "{89720488-92F1-4339-91DA-EF871CE1F49D}"
EndProject
Project("{2150E333-8FDC-42A3-9474-1A3956D46DE8}") = "Application", "Application", "{F76697E7-B465-450F-BF81-CBCD4BAB759B}"
EndProject
Project("{2150E333-8FDC-42A3-9474-1A3956D46DE8}") = "Domain", "Domain", "{8CC0E277-374D-4C5B-BCB2-FCE7E5664679}"
EndProject
Project("{FAE04EC0-301F-11D3-BF4B-00C04F79EFBC}") = "MicroRabbit.Transfer.Api", "MicroRabbit.Transfer.Api\MicroRabbit.Transfer.Api.csproj", "{565818C9-4200-42AD-B3F5-97132BBE314B}"
EndProject
Project("{FAE04EC0-301F-11D3-BF4B-00C04F79EFBC}") = "MicroRabbit.Transfer.Application", "MicroRabbit.Transfer.Application\MicroRabbit.Transfer.Application.csproj", "{2B1B082F-6E33-4512-AB36-27CB1D14C54B}"
EndProject
Project("{FAE04EC0-301F-11D3-BF4B-00C04F79EFBC}") = "MicroRabbit.Transfer.Data", "MicroRabbit.Transfer.Data\MicroRabbit.Transfer.Data.csproj", "{51D82E29-F085-4333-AB02-B1096C269F3B}"
EndProject
Project("{FAE04EC0-301F-11D3-BF4B-00C04F79EFBC}") = "MicroRabbit.Transfer.Domain", "MicroRabbit.Transfer.Domain\MicroRabbit.Transfer.Domain.csproj", "{0B4D8BF7-5B64-46C2-9D82-4565760D15E0}"
EndProject
Global
	GlobalSection(SolutionConfigurationPlatforms) = preSolution
		Debug|Any CPU = Debug|Any CPU
		Release|Any CPU = Release|Any CPU
	EndGlobalSection
	GlobalSection(ProjectConfigurationPlatforms) = postSolution
		{7B3FAF9D-C119-482F-A2BD-6EEBD3AF6DFD}.Debug|Any CPU.ActiveCfg = Debug|Any CPU
		{7B3FAF9D-C119-482F-A2BD-6EEBD3AF6DFD}.Debug|Any CPU.Build.0 = Debug|Any CPU
		{7B3FAF9D-C119-482F-A2BD-6EEBD3AF6DFD}.Release|Any CPU.ActiveCfg = Release|Any CPU
		{7B3FAF9D-C119-482F-A2BD-6EEBD3AF6DFD}.Release|Any CPU.Build.0 = Release|Any CPU
		{A24721E3-574A-44A2-9C6E-C74F456CBAFE}.Debug|Any CPU.ActiveCfg = Debug|Any CPU
		{A24721E3-574A-44A2-9C6E-C74F456CBAFE}.Debug|Any CPU.Build.0 = Debug|Any CPU
		{A24721E3-574A-44A2-9C6E-C74F456CBAFE}.Release|Any CPU.ActiveCfg = Release|Any CPU
		{A24721E3-574A-44A2-9C6E-C74F456CBAFE}.Release|Any CPU.Build.0 = Release|Any CPU
		{1AD253CF-D23D-41CE-AEB8-B18970CEB89E}.Debug|Any CPU.ActiveCfg = Debug|Any CPU
		{1AD253CF-D23D-41CE-AEB8-B18970CEB89E}.Debug|Any CPU.Build.0 = Debug|Any CPU
		{1AD253CF-D23D-41CE-AEB8-B18970CEB89E}.Release|Any CPU.ActiveCfg = Release|Any CPU
		{1AD253CF-D23D-41CE-AEB8-B18970CEB89E}.Release|Any CPU.Build.0 = Release|Any CPU
		{3BB932B7-5325-4124-83A5-DECE3484EA19}.Debug|Any CPU.ActiveCfg = Debug|Any CPU
		{3BB932B7-5325-4124-83A5-DECE3484EA19}.Debug|Any CPU.Build.0 = Debug|Any CPU
		{3BB932B7-5325-4124-83A5-DECE3484EA19}.Release|Any CPU.ActiveCfg = Release|Any CPU
		{3BB932B7-5325-4124-83A5-DECE3484EA19}.Release|Any CPU.Build.0 = Release|Any CPU
		{27F4A0C6-6C70-4E0A-BEFB-ED56C3FDB2CF}.Debug|Any CPU.ActiveCfg = Debug|Any CPU
		{27F4A0C6-6C70-4E0A-BEFB-ED56C3FDB2CF}.Debug|Any CPU.Build.0 = Debug|Any CPU
		{27F4A0C6-6C70-4E0A-BEFB-ED56C3FDB2CF}.Release|Any CPU.ActiveCfg = Release|Any CPU
		{27F4A0C6-6C70-4E0A-BEFB-ED56C3FDB2CF}.Release|Any CPU.Build.0 = Release|Any CPU
		{4DC4C4B0-8512-431C-B139-D21A0DE1D24F}.Debug|Any CPU.ActiveCfg = Debug|Any CPU
		{4DC4C4B0-8512-431C-B139-D21A0DE1D24F}.Debug|Any CPU.Build.0 = Debug|Any CPU
		{4DC4C4B0-8512-431C-B139-D21A0DE1D24F}.Release|Any CPU.ActiveCfg = Release|Any CPU
		{4DC4C4B0-8512-431C-B139-D21A0DE1D24F}.Release|Any CPU.Build.0 = Release|Any CPU
		{35D39C02-090A-4346-A8C1-61B6556D6698}.Debug|Any CPU.ActiveCfg = Debug|Any CPU
		{35D39C02-090A-4346-A8C1-61B6556D6698}.Debug|Any CPU.Build.0 = Debug|Any CPU
		{35D39C02-090A-4346-A8C1-61B6556D6698}.Release|Any CPU.ActiveCfg = Release|Any CPU
		{35D39C02-090A-4346-A8C1-61B6556D6698}.Release|Any CPU.Build.0 = Release|Any CPU
		{565818C9-4200-42AD-B3F5-97132BBE314B}.Debug|Any CPU.ActiveCfg = Debug|Any CPU
		{565818C9-4200-42AD-B3F5-97132BBE314B}.Debug|Any CPU.Build.0 = Debug|Any CPU
		{565818C9-4200-42AD-B3F5-97132BBE314B}.Release|Any CPU.ActiveCfg = Release|Any CPU
		{565818C9-4200-42AD-B3F5-97132BBE314B}.Release|Any CPU.Build.0 = Release|Any CPU
		{2B1B082F-6E33-4512-AB36-27CB1D14C54B}.Debug|Any CPU.ActiveCfg = Debug|Any CPU
		{2B1B082F-6E33-4512-AB36-27CB1D14C54B}.Debug|Any CPU.Build.0 = Debug|Any CPU
		{2B1B082F-6E33-4512-AB36-27CB1D14C54B}.Release|Any CPU.ActiveCfg = Release|Any CPU
		{2B1B082F-6E33-4512-AB36-27CB1D14C54B}.Release|Any CPU.Build.0 = Release|Any CPU
		{51D82E29-F085-4333-AB02-B1096C269F3B}.Debug|Any CPU.ActiveCfg = Debug|Any CPU
		{51D82E29-F085-4333-AB02-B1096C269F3B}.Debug|Any CPU.Build.0 = Debug|Any CPU
		{51D82E29-F085-4333-AB02-B1096C269F3B}.Release|Any CPU.ActiveCfg = Release|Any CPU
		{51D82E29-F085-4333-AB02-B1096C269F3B}.Release|Any CPU.Build.0 = Release|Any CPU
		{0B4D8BF7-5B64-46C2-9D82-4565760D15E0}.Debug|Any CPU.ActiveCfg = Debug|Any CPU
		{0B4D8BF7-5B64-46C2-9D82-4565760D15E0}.Debug|Any CPU.Build.0 = Debug|Any CPU
		{0B4D8BF7-5B64-46C2-9D82-4565760D15E0}.Release|Any CPU.ActiveCfg = Release|Any CPU
		{0B4D8BF7-5B64-46C2-9D82-4565760D15E0}.Release|Any CPU.Build.0 = Release|Any CPU
	EndGlobalSection
	GlobalSection(SolutionProperties) = preSolution
		HideSolutionNode = FALSE
	EndGlobalSection
	GlobalSection(NestedProjects) = preSolution
		{7B3FAF9D-C119-482F-A2BD-6EEBD3AF6DFD} = {247A6B8E-0591-423C-94A1-0FB6CE965E07}
		{A24721E3-574A-44A2-9C6E-C74F456CBAFE} = {B382E047-8EEE-459C-B21C-AFFC3C1A21F5}
		{1AD253CF-D23D-41CE-AEB8-B18970CEB89E} = {8A430AEE-E142-41DA-9D11-3B40E0BEAA1C}
		{2748E361-FC5C-437A-9CC5-6CD592DE2E83} = {FAC76BDF-885D-473B-A050-9D5022C3200E}
		{DAF16805-22B5-462B-A7E8-D1872E20C278} = {2748E361-FC5C-437A-9CC5-6CD592DE2E83}
		{CFA20B1F-C7F5-4CB0-AED3-969746A21DEA} = {2748E361-FC5C-437A-9CC5-6CD592DE2E83}
		{BBC26156-B242-4AB2-846D-23B20D0863C2} = {2748E361-FC5C-437A-9CC5-6CD592DE2E83}
		{49379AB7-9A44-4A74-9719-4D41AA52C2BE} = {2748E361-FC5C-437A-9CC5-6CD592DE2E83}
		{3BB932B7-5325-4124-83A5-DECE3484EA19} = {DAF16805-22B5-462B-A7E8-D1872E20C278}
		{27F4A0C6-6C70-4E0A-BEFB-ED56C3FDB2CF} = {BBC26156-B242-4AB2-846D-23B20D0863C2}
		{4DC4C4B0-8512-431C-B139-D21A0DE1D24F} = {49379AB7-9A44-4A74-9719-4D41AA52C2BE}
		{35D39C02-090A-4346-A8C1-61B6556D6698} = {CFA20B1F-C7F5-4CB0-AED3-969746A21DEA}
		{214AFA24-2DDA-4742-B010-3ED9EF26009A} = {FAC76BDF-885D-473B-A050-9D5022C3200E}
		{D9C78561-D20A-4F64-B04C-289A87196273} = {214AFA24-2DDA-4742-B010-3ED9EF26009A}
		{89720488-92F1-4339-91DA-EF871CE1F49D} = {214AFA24-2DDA-4742-B010-3ED9EF26009A}
		{F76697E7-B465-450F-BF81-CBCD4BAB759B} = {214AFA24-2DDA-4742-B010-3ED9EF26009A}
		{8CC0E277-374D-4C5B-BCB2-FCE7E5664679} = {214AFA24-2DDA-4742-B010-3ED9EF26009A}
		{565818C9-4200-42AD-B3F5-97132BBE314B} = {D9C78561-D20A-4F64-B04C-289A87196273}
		{2B1B082F-6E33-4512-AB36-27CB1D14C54B} = {F76697E7-B465-450F-BF81-CBCD4BAB759B}
		{51D82E29-F085-4333-AB02-B1096C269F3B} = {89720488-92F1-4339-91DA-EF871CE1F49D}
		{0B4D8BF7-5B64-46C2-9D82-4565760D15E0} = {8CC0E277-374D-4C5B-BCB2-FCE7E5664679}
	EndGlobalSection
	GlobalSection(ExtensibilityGlobals) = postSolution
		SolutionGuid = {A7FF2841-260B-4847-B8A2-20706FCE6FC2}
	EndGlobalSection
EndGlobal
